
Microsoft Visual Studio Solution File, Format Version 12.00
# Visual Studio Version 16
VisualStudioVersion = 16.0.29509.3
MinimumVisualStudioVersion = 10.0.40219.1
Project("{FAE04EC0-301F-11D3-BF4B-00C04F79EFBC}") = "PeerReviewApp", "PeerReviewApp\PeerReviewApp.csproj", "{DD18D5FD-06D6-4D43-9309-5DF3383642EB}"
EndProject
Global
	GlobalSection(SolutionConfigurationPlatforms) = preSolution
		Debug|Any CPU = Debug|Any CPU
		Release|Any CPU = Release|Any CPU
	EndGlobalSection
	GlobalSection(ProjectConfigurationPlatforms) = postSolution
		{DD18D5FD-06D6-4D43-9309-5DF3383642EB}.Debug|Any CPU.ActiveCfg = Debug|Any CPU
		{DD18D5FD-06D6-4D43-9309-5DF3383642EB}.Debug|Any CPU.Build.0 = Debug|Any CPU
		{DD18D5FD-06D6-4D43-9309-5DF3383642EB}.Release|Any CPU.ActiveCfg = Release|Any CPU
		{DD18D5FD-06D6-4D43-9309-5DF3383642EB}.Release|Any CPU.Build.0 = Release|Any CPU
	EndGlobalSection
	GlobalSection(SolutionProperties) = preSolution
		HideSolutionNode = FALSE
	EndGlobalSection
	GlobalSection(ExtensibilityGlobals) = postSolution
		SolutionGuid = {5764929C-ED11-464C-8C22-24D42EAE2D1E}
	EndGlobalSection
EndGlobal
